
Microsoft Visual Studio Solution File, Format Version 12.00
# Visual Studio 2013
VisualStudioVersion = 12.0.31101.0
MinimumVisualStudioVersion = 10.0.40219.1
Project("{2150E333-8FDC-42A3-9474-1A3956D46DE8}") = "Library", "Library", "{F8FC7334-1CCC-49BC-8245-5A875AA591C6}"
EndProject
Project("{2150E333-8FDC-42A3-9474-1A3956D46DE8}") = "App", "App", "{98D9DCA4-D594-4493-BE6C-99533A943569}"
EndProject
Project("{D954291E-2A0B-460D-934E-DC6B0785DB48}") = "App.Shared", "App\App.Shared\App.Shared.shproj", "{6418F11D-AEF0-4F85-A71F-6A8A15260CA3}"
EndProject
Project("{FAE04EC0-301F-11D3-BF4B-00C04F79EFBC}") = "App.Windows", "App\App.Windows\App.Windows.csproj", "{88541A63-15EA-4882-9357-F9054048BB1D}"
EndProject
Project("{FAE04EC0-301F-11D3-BF4B-00C04F79EFBC}") = "App.WindowsPhone", "App\App.WindowsPhone\App.WindowsPhone.csproj", "{DCE8FAE7-189F-44E1-B794-EDA368C7237B}"
EndProject
Project("{FAE04EC0-301F-11D3-BF4B-00C04F79EFBC}") = "RadialControls", "Library\RadialControls\RadialControls.csproj", "{F5AACAE4-17D3-4B08-B5A7-5AACA65B3B3A}"
EndProject
Project("{FAE04EC0-301F-11D3-BF4B-00C04F79EFBC}") = "RadialControls.Unit", "Library\RadialControls.Unit\RadialControls.Unit.csproj", "{4DA4A654-8107-4A18-95E0-646944149941}"
EndProject
Global
	GlobalSection(SharedMSBuildProjectFiles) = preSolution
		App\App.Shared\App.Shared.projitems*{6418f11d-aef0-4f85-a71f-6a8a15260ca3}*SharedItemsImports = 13
		App\App.Shared\App.Shared.projitems*{dce8fae7-189f-44e1-b794-eda368c7237b}*SharedItemsImports = 4
		App\App.Shared\App.Shared.projitems*{88541a63-15ea-4882-9357-f9054048bb1d}*SharedItemsImports = 4
	EndGlobalSection
	GlobalSection(SolutionConfigurationPlatforms) = preSolution
		Debug|Any CPU = Debug|Any CPU
		Debug|ARM = Debug|ARM
		Debug|x64 = Debug|x64
		Debug|x86 = Debug|x86
		Release|Any CPU = Release|Any CPU
		Release|ARM = Release|ARM
		Release|x64 = Release|x64
		Release|x86 = Release|x86
	EndGlobalSection
	GlobalSection(ProjectConfigurationPlatforms) = postSolution
		{88541A63-15EA-4882-9357-F9054048BB1D}.Debug|Any CPU.ActiveCfg = Debug|Any CPU
		{88541A63-15EA-4882-9357-F9054048BB1D}.Debug|Any CPU.Build.0 = Debug|Any CPU
		{88541A63-15EA-4882-9357-F9054048BB1D}.Debug|Any CPU.Deploy.0 = Debug|Any CPU
		{88541A63-15EA-4882-9357-F9054048BB1D}.Debug|ARM.ActiveCfg = Debug|ARM
		{88541A63-15EA-4882-9357-F9054048BB1D}.Debug|ARM.Build.0 = Debug|ARM
		{88541A63-15EA-4882-9357-F9054048BB1D}.Debug|ARM.Deploy.0 = Debug|ARM
		{88541A63-15EA-4882-9357-F9054048BB1D}.Debug|x64.ActiveCfg = Debug|x64
		{88541A63-15EA-4882-9357-F9054048BB1D}.Debug|x64.Build.0 = Debug|x64
		{88541A63-15EA-4882-9357-F9054048BB1D}.Debug|x64.Deploy.0 = Debug|x64
		{88541A63-15EA-4882-9357-F9054048BB1D}.Debug|x86.ActiveCfg = Debug|x86
		{88541A63-15EA-4882-9357-F9054048BB1D}.Debug|x86.Build.0 = Debug|x86
		{88541A63-15EA-4882-9357-F9054048BB1D}.Debug|x86.Deploy.0 = Debug|x86
		{88541A63-15EA-4882-9357-F9054048BB1D}.Release|Any CPU.ActiveCfg = Release|Any CPU
		{88541A63-15EA-4882-9357-F9054048BB1D}.Release|Any CPU.Build.0 = Release|Any CPU
		{88541A63-15EA-4882-9357-F9054048BB1D}.Release|Any CPU.Deploy.0 = Release|Any CPU
		{88541A63-15EA-4882-9357-F9054048BB1D}.Release|ARM.ActiveCfg = Release|ARM
		{88541A63-15EA-4882-9357-F9054048BB1D}.Release|ARM.Build.0 = Release|ARM
		{88541A63-15EA-4882-9357-F9054048BB1D}.Release|ARM.Deploy.0 = Release|ARM
		{88541A63-15EA-4882-9357-F9054048BB1D}.Release|x64.ActiveCfg = Release|x64
		{88541A63-15EA-4882-9357-F9054048BB1D}.Release|x64.Build.0 = Release|x64
		{88541A63-15EA-4882-9357-F9054048BB1D}.Release|x64.Deploy.0 = Release|x64
		{88541A63-15EA-4882-9357-F9054048BB1D}.Release|x86.ActiveCfg = Release|x86
		{88541A63-15EA-4882-9357-F9054048BB1D}.Release|x86.Build.0 = Release|x86
		{88541A63-15EA-4882-9357-F9054048BB1D}.Release|x86.Deploy.0 = Release|x86
		{DCE8FAE7-189F-44E1-B794-EDA368C7237B}.Debug|Any CPU.ActiveCfg = Debug|Any CPU
		{DCE8FAE7-189F-44E1-B794-EDA368C7237B}.Debug|Any CPU.Build.0 = Debug|Any CPU
		{DCE8FAE7-189F-44E1-B794-EDA368C7237B}.Debug|Any CPU.Deploy.0 = Debug|Any CPU
		{DCE8FAE7-189F-44E1-B794-EDA368C7237B}.Debug|ARM.ActiveCfg = Debug|ARM
		{DCE8FAE7-189F-44E1-B794-EDA368C7237B}.Debug|ARM.Build.0 = Debug|ARM
		{DCE8FAE7-189F-44E1-B794-EDA368C7237B}.Debug|ARM.Deploy.0 = Debug|ARM
		{DCE8FAE7-189F-44E1-B794-EDA368C7237B}.Debug|x64.ActiveCfg = Debug|Any CPU
		{DCE8FAE7-189F-44E1-B794-EDA368C7237B}.Debug|x86.ActiveCfg = Debug|x86
		{DCE8FAE7-189F-44E1-B794-EDA368C7237B}.Debug|x86.Build.0 = Debug|x86
		{DCE8FAE7-189F-44E1-B794-EDA368C7237B}.Debug|x86.Deploy.0 = Debug|x86
		{DCE8FAE7-189F-44E1-B794-EDA368C7237B}.Release|Any CPU.ActiveCfg = Release|Any CPU
		{DCE8FAE7-189F-44E1-B794-EDA368C7237B}.Release|Any CPU.Build.0 = Release|Any CPU
		{DCE8FAE7-189F-44E1-B794-EDA368C7237B}.Release|Any CPU.Deploy.0 = Release|Any CPU
		{DCE8FAE7-189F-44E1-B794-EDA368C7237B}.Release|ARM.ActiveCfg = Release|ARM
		{DCE8FAE7-189F-44E1-B794-EDA368C7237B}.Release|ARM.Build.0 = Release|ARM
		{DCE8FAE7-189F-44E1-B794-EDA368C7237B}.Release|ARM.Deploy.0 = Release|ARM
		{DCE8FAE7-189F-44E1-B794-EDA368C7237B}.Release|x64.ActiveCfg = Release|Any CPU
		{DCE8FAE7-189F-44E1-B794-EDA368C7237B}.Release|x86.ActiveCfg = Release|x86
		{DCE8FAE7-189F-44E1-B794-EDA368C7237B}.Release|x86.Build.0 = Release|x86
		{DCE8FAE7-189F-44E1-B794-EDA368C7237B}.Release|x86.Deploy.0 = Release|x86
		{F5AACAE4-17D3-4B08-B5A7-5AACA65B3B3A}.Debug|Any CPU.ActiveCfg = Debug|Any CPU
		{F5AACAE4-17D3-4B08-B5A7-5AACA65B3B3A}.Debug|Any CPU.Build.0 = Debug|Any CPU
		{F5AACAE4-17D3-4B08-B5A7-5AACA65B3B3A}.Debug|ARM.ActiveCfg = Debug|Any CPU
		{F5AACAE4-17D3-4B08-B5A7-5AACA65B3B3A}.Debug|x64.ActiveCfg = Debug|Any CPU
		{F5AACAE4-17D3-4B08-B5A7-5AACA65B3B3A}.Debug|x86.ActiveCfg = Debug|Any CPU
		{F5AACAE4-17D3-4B08-B5A7-5AACA65B3B3A}.Release|Any CPU.ActiveCfg = Release|Any CPU
		{F5AACAE4-17D3-4B08-B5A7-5AACA65B3B3A}.Release|Any CPU.Build.0 = Release|Any CPU
		{F5AACAE4-17D3-4B08-B5A7-5AACA65B3B3A}.Release|ARM.ActiveCfg = Release|Any CPU
		{F5AACAE4-17D3-4B08-B5A7-5AACA65B3B3A}.Release|x64.ActiveCfg = Release|Any CPU
		{F5AACAE4-17D3-4B08-B5A7-5AACA65B3B3A}.Release|x86.ActiveCfg = Release|Any CPU
		{4DA4A654-8107-4A18-95E0-646944149941}.Debug|Any CPU.ActiveCfg = Debug|Any CPU
		{4DA4A654-8107-4A18-95E0-646944149941}.Debug|Any CPU.Build.0 = Debug|Any CPU
		{4DA4A654-8107-4A18-95E0-646944149941}.Debug|Any CPU.Deploy.0 = Debug|Any CPU
		{4DA4A654-8107-4A18-95E0-646944149941}.Debug|ARM.ActiveCfg = Debug|ARM
		{4DA4A654-8107-4A18-95E0-646944149941}.Debug|ARM.Build.0 = Debug|ARM
		{4DA4A654-8107-4A18-95E0-646944149941}.Debug|ARM.Deploy.0 = Debug|ARM
		{4DA4A654-8107-4A18-95E0-646944149941}.Debug|x64.ActiveCfg = Debug|x64
		{4DA4A654-8107-4A18-95E0-646944149941}.Debug|x64.Build.0 = Debug|x64
		{4DA4A654-8107-4A18-95E0-646944149941}.Debug|x64.Deploy.0 = Debug|x64
		{4DA4A654-8107-4A18-95E0-646944149941}.Debug|x86.ActiveCfg = Debug|x86
		{4DA4A654-8107-4A18-95E0-646944149941}.Debug|x86.Build.0 = Debug|x86
		{4DA4A654-8107-4A18-95E0-646944149941}.Debug|x86.Deploy.0 = Debug|x86
		{4DA4A654-8107-4A18-95E0-646944149941}.Release|Any CPU.ActiveCfg = Release|Any CPU
		{4DA4A654-8107-4A18-95E0-646944149941}.Release|Any CPU.Build.0 = Release|Any CPU
		{4DA4A654-8107-4A18-95E0-646944149941}.Release|Any CPU.Deploy.0 = Release|Any CPU
		{4DA4A654-8107-4A18-95E0-646944149941}.Release|ARM.ActiveCfg = Release|ARM
		{4DA4A654-8107-4A18-95E0-646944149941}.Release|ARM.Build.0 = Release|ARM
		{4DA4A654-8107-4A18-95E0-646944149941}.Release|ARM.Deploy.0 = Release|ARM
		{4DA4A654-8107-4A18-95E0-646944149941}.Release|x64.ActiveCfg = Release|x64
		{4DA4A654-8107-4A18-95E0-646944149941}.Release|x64.Build.0 = Release|x64
		{4DA4A654-8107-4A18-95E0-646944149941}.Release|x64.Deploy.0 = Release|x64
		{4DA4A654-8107-4A18-95E0-646944149941}.Release|x86.ActiveCfg = Release|x86
		{4DA4A654-8107-4A18-95E0-646944149941}.Release|x86.Build.0 = Release|x86
		{4DA4A654-8107-4A18-95E0-646944149941}.Release|x86.Deploy.0 = Release|x86
	EndGlobalSection
	GlobalSection(SolutionProperties) = preSolution
		HideSolutionNode = FALSE
	EndGlobalSection
	GlobalSection(NestedProjects) = preSolution
		{6418F11D-AEF0-4F85-A71F-6A8A15260CA3} = {98D9DCA4-D594-4493-BE6C-99533A943569}
		{88541A63-15EA-4882-9357-F9054048BB1D} = {98D9DCA4-D594-4493-BE6C-99533A943569}
		{DCE8FAE7-189F-44E1-B794-EDA368C7237B} = {98D9DCA4-D594-4493-BE6C-99533A943569}
		{F5AACAE4-17D3-4B08-B5A7-5AACA65B3B3A} = {F8FC7334-1CCC-49BC-8245-5A875AA591C6}
		{4DA4A654-8107-4A18-95E0-646944149941} = {F8FC7334-1CCC-49BC-8245-5A875AA591C6}
	EndGlobalSection
EndGlobal
